
Microsoft Visual Studio Solution File, Format Version 12.00
# Visual Studio Version 17
VisualStudioVersion = 17.9.34714.143
MinimumVisualStudioVersion = 10.0.40219.1
Project("{FAE04EC0-301F-11D3-BF4B-00C04F79EFBC}") = "ConsoleApp5", "ConsoleApp5.csproj", "{477BAB5B-F8C1-40C1-80ED-CB3E70289391}"
EndProject
Global
	GlobalSection(SolutionConfigurationPlatforms) = preSolution
		Debug|Any CPU = Debug|Any CPU
		Release|Any CPU = Release|Any CPU
	EndGlobalSection
	GlobalSection(ProjectConfigurationPlatforms) = postSolution
		{477BAB5B-F8C1-40C1-80ED-CB3E70289391}.Debug|Any CPU.ActiveCfg = Debug|Any CPU
		{477BAB5B-F8C1-40C1-80ED-CB3E70289391}.Debug|Any CPU.Build.0 = Debug|Any CPU
		{477BAB5B-F8C1-40C1-80ED-CB3E70289391}.Release|Any CPU.ActiveCfg = Release|Any CPU
		{477BAB5B-F8C1-40C1-80ED-CB3E70289391}.Release|Any CPU.Build.0 = Release|Any CPU
	EndGlobalSection
	GlobalSection(SolutionProperties) = preSolution
		HideSolutionNode = FALSE
	EndGlobalSection
	GlobalSection(ExtensibilityGlobals) = postSolution
		SolutionGuid = {EE3C4772-D0C6-4895-819F-F00099A901AA}
	EndGlobalSection
EndGlobal
